
Microsoft Visual Studio Solution File, Format Version 12.00
# Visual Studio Version 17
VisualStudioVersion = 17.14.36401.2
MinimumVisualStudioVersion = 10.0.40219.1
Project("{8BC9CEB8-8B4A-11D0-8D11-00A0C91BC942}") = "Sand-Painter", "Sand-Painter\Sand-Painter.vcxproj", "{847855A5-0855-49EF-8462-CB2F450A0BFD}"
EndProject
Global
	GlobalSection(SolutionConfigurationPlatforms) = preSolution
		Debug|x64 = Debug|x64
		Debug|x86 = Debug|x86
		Release|x64 = Release|x64
		Release|x86 = Release|x86
	EndGlobalSection
	GlobalSection(ProjectConfigurationPlatforms) = postSolution
		{847855A5-0855-49EF-8462-CB2F450A0BFD}.Debug|x64.ActiveCfg = Debug|x64
		{847855A5-0855-49EF-8462-CB2F450A0BFD}.Debug|x64.Build.0 = Debug|x64
		{847855A5-0855-49EF-8462-CB2F450A0BFD}.Debug|x86.ActiveCfg = Debug|Win32
		{847855A5-0855-49EF-8462-CB2F450A0BFD}.Debug|x86.Build.0 = Debug|Win32
		{847855A5-0855-49EF-8462-CB2F450A0BFD}.Release|x64.ActiveCfg = Release|x64
		{847855A5-0855-49EF-8462-CB2F450A0BFD}.Release|x64.Build.0 = Release|x64
		{847855A5-0855-49EF-8462-CB2F450A0BFD}.Release|x86.ActiveCfg = Release|Win32
		{847855A5-0855-49EF-8462-CB2F450A0BFD}.Release|x86.Build.0 = Release|Win32
	EndGlobalSection
	GlobalSection(SolutionProperties) = preSolution
		HideSolutionNode = FALSE
	EndGlobalSection
	GlobalSection(ExtensibilityGlobals) = postSolution
		SolutionGuid = {1A51AA53-CC20-4EF0-974C-1269DE6DA17B}
	EndGlobalSection
EndGlobal
